
Microsoft Visual Studio Solution File, Format Version 12.00
# Visual Studio Version 17
VisualStudioVersion = 17.14.36327.8 d17.14
MinimumVisualStudioVersion = 10.0.40219.1
Project("{FAE04EC0-301F-11D3-BF4B-00C04F79EFBC}") = "Ciphers", "Enigma\Ciphers.csproj", "{AEA02847-3F3E-452C-BA51-323B35F7AE42}"
EndProject
Global
	GlobalSection(SolutionConfigurationPlatforms) = preSolution
		Debug|Any CPU = Debug|Any CPU
		Release|Any CPU = Release|Any CPU
	EndGlobalSection
	GlobalSection(ProjectConfigurationPlatforms) = postSolution
		{AEA02847-3F3E-452C-BA51-323B35F7AE42}.Debug|Any CPU.ActiveCfg = Debug|Any CPU
		{AEA02847-3F3E-452C-BA51-323B35F7AE42}.Debug|Any CPU.Build.0 = Debug|Any CPU
		{AEA02847-3F3E-452C-BA51-323B35F7AE42}.Release|Any CPU.ActiveCfg = Release|Any CPU
		{AEA02847-3F3E-452C-BA51-323B35F7AE42}.Release|Any CPU.Build.0 = Release|Any CPU
	EndGlobalSection
	GlobalSection(SolutionProperties) = preSolution
		HideSolutionNode = FALSE
	EndGlobalSection
	GlobalSection(ExtensibilityGlobals) = postSolution
		SolutionGuid = {E5CA4F9A-1687-43E2-B537-38B102B8D82A}
	EndGlobalSection
EndGlobal
